
Microsoft Visual Studio Solution File, Format Version 11.00
# Visual Studio 2010
Project("{FAE04EC0-301F-11D3-BF4B-00C04F79EFBC}") = "ProjectNRN", "Assembly-CSharp-firstpass.csproj", "{B9CBDBF5-81C0-1749-3154-6A9716ABEB1F}"
EndProject
Project("{FAE04EC0-301F-11D3-BF4B-00C04F79EFBC}") = "ProjectNRN", "Assembly-CSharp.csproj", "{4930790B-FDA7-28D7-24E0-A73EE6CAE3EE}"
EndProject
Project("{FAE04EC0-301F-11D3-BF4B-00C04F79EFBC}") = "ProjectNRN", "Assembly-CSharp-Editor.csproj", "{0AFEA156-9EE9-B4B4-F2D5-D96BF8ECEAF4}"
EndProject
Global
	GlobalSection(SolutionConfigurationPlatforms) = preSolution
		Debug|Any CPU = Debug|Any CPU
		Release|Any CPU = Release|Any CPU
	EndGlobalSection
	GlobalSection(ProjectConfigurationPlatforms) = postSolution
		{B9CBDBF5-81C0-1749-3154-6A9716ABEB1F}.Debug|Any CPU.ActiveCfg = Debug|Any CPU
		{B9CBDBF5-81C0-1749-3154-6A9716ABEB1F}.Debug|Any CPU.Build.0 = Debug|Any CPU
		{B9CBDBF5-81C0-1749-3154-6A9716ABEB1F}.Release|Any CPU.ActiveCfg = Release|Any CPU
		{B9CBDBF5-81C0-1749-3154-6A9716ABEB1F}.Release|Any CPU.Build.0 = Release|Any CPU
		{4930790B-FDA7-28D7-24E0-A73EE6CAE3EE}.Debug|Any CPU.ActiveCfg = Debug|Any CPU
		{4930790B-FDA7-28D7-24E0-A73EE6CAE3EE}.Debug|Any CPU.Build.0 = Debug|Any CPU
		{4930790B-FDA7-28D7-24E0-A73EE6CAE3EE}.Release|Any CPU.ActiveCfg = Release|Any CPU
		{4930790B-FDA7-28D7-24E0-A73EE6CAE3EE}.Release|Any CPU.Build.0 = Release|Any CPU
		{0AFEA156-9EE9-B4B4-F2D5-D96BF8ECEAF4}.Debug|Any CPU.ActiveCfg = Debug|Any CPU
		{0AFEA156-9EE9-B4B4-F2D5-D96BF8ECEAF4}.Debug|Any CPU.Build.0 = Debug|Any CPU
		{0AFEA156-9EE9-B4B4-F2D5-D96BF8ECEAF4}.Release|Any CPU.ActiveCfg = Release|Any CPU
		{0AFEA156-9EE9-B4B4-F2D5-D96BF8ECEAF4}.Release|Any CPU.Build.0 = Release|Any CPU
	EndGlobalSection
	GlobalSection(SolutionProperties) = preSolution
		HideSolutionNode = FALSE
	EndGlobalSection
	GlobalSection(MonoDevelopProperties) = preSolution
		StartupItem = Assembly-CSharp.csproj
	EndGlobalSection
EndGlobal
